
Microsoft Visual Studio Solution File, Format Version 12.00
# Visual Studio 15
VisualStudioVersion = 15.0.27703.2042
MinimumVisualStudioVersion = 10.0.40219.1
Project("{FAE04EC0-301F-11D3-BF4B-00C04F79EFBC}") = "PracticeApplication", "PracticeApplication\PracticeApplication.csproj", "{1072DFCA-96AB-4DF7-AC95-48A41EF598CE}"
EndProject
Global
	GlobalSection(SolutionConfigurationPlatforms) = preSolution
		Debug|Any CPU = Debug|Any CPU
		Release|Any CPU = Release|Any CPU
	EndGlobalSection
	GlobalSection(ProjectConfigurationPlatforms) = postSolution
		{1072DFCA-96AB-4DF7-AC95-48A41EF598CE}.Debug|Any CPU.ActiveCfg = Debug|Any CPU
		{1072DFCA-96AB-4DF7-AC95-48A41EF598CE}.Debug|Any CPU.Build.0 = Debug|Any CPU
		{1072DFCA-96AB-4DF7-AC95-48A41EF598CE}.Release|Any CPU.ActiveCfg = Release|Any CPU
		{1072DFCA-96AB-4DF7-AC95-48A41EF598CE}.Release|Any CPU.Build.0 = Release|Any CPU
	EndGlobalSection
	GlobalSection(SolutionProperties) = preSolution
		HideSolutionNode = FALSE
	EndGlobalSection
	GlobalSection(ExtensibilityGlobals) = postSolution
		SolutionGuid = {70B63BD1-D7A1-45CB-816B-A02DB78BFFD7}
	EndGlobalSection
EndGlobal
