
Microsoft Visual Studio Solution File, Format Version 12.00
# Visual Studio 15
VisualStudioVersion = 15.0.27703.2042
MinimumVisualStudioVersion = 10.0.40219.1
Project("{9A19103F-16F7-4668-BE54-9A1E7A4F7556}") = "ProjectX", "ProjectX\ProjectX.csproj", "{AC3D9D13-6F00-4C12-BDBD-7B1631143F43}"
EndProject
Project("{FAE04EC0-301F-11D3-BF4B-00C04F79EFBC}") = "NSuperUnit.Test", "NSuperUnitTest\NSuperUnit.Test.csproj", "{893C2FD5-9629-4996-B82E-9A534DDB5471}"
EndProject
Project("{FAE04EC0-301F-11D3-BF4B-00C04F79EFBC}") = "XUnitTestingProjectX", "XUnitTestingProjectX\XUnitTestingProjectX.csproj", "{D01EC0AE-A158-4FAE-97C5-D60233B4E474}"
EndProject
Global
	GlobalSection(SolutionConfigurationPlatforms) = preSolution
		Debug|Any CPU = Debug|Any CPU
		Release|Any CPU = Release|Any CPU
	EndGlobalSection
	GlobalSection(ProjectConfigurationPlatforms) = postSolution
		{AC3D9D13-6F00-4C12-BDBD-7B1631143F43}.Debug|Any CPU.ActiveCfg = Debug|Any CPU
		{AC3D9D13-6F00-4C12-BDBD-7B1631143F43}.Debug|Any CPU.Build.0 = Debug|Any CPU
		{AC3D9D13-6F00-4C12-BDBD-7B1631143F43}.Release|Any CPU.ActiveCfg = Release|Any CPU
		{AC3D9D13-6F00-4C12-BDBD-7B1631143F43}.Release|Any CPU.Build.0 = Release|Any CPU
		{893C2FD5-9629-4996-B82E-9A534DDB5471}.Debug|Any CPU.ActiveCfg = Debug|Any CPU
		{893C2FD5-9629-4996-B82E-9A534DDB5471}.Debug|Any CPU.Build.0 = Debug|Any CPU
		{893C2FD5-9629-4996-B82E-9A534DDB5471}.Release|Any CPU.ActiveCfg = Release|Any CPU
		{893C2FD5-9629-4996-B82E-9A534DDB5471}.Release|Any CPU.Build.0 = Release|Any CPU
		{D01EC0AE-A158-4FAE-97C5-D60233B4E474}.Debug|Any CPU.ActiveCfg = Debug|Any CPU
		{D01EC0AE-A158-4FAE-97C5-D60233B4E474}.Debug|Any CPU.Build.0 = Debug|Any CPU
		{D01EC0AE-A158-4FAE-97C5-D60233B4E474}.Release|Any CPU.ActiveCfg = Release|Any CPU
		{D01EC0AE-A158-4FAE-97C5-D60233B4E474}.Release|Any CPU.Build.0 = Release|Any CPU
	EndGlobalSection
	GlobalSection(SolutionProperties) = preSolution
		HideSolutionNode = FALSE
	EndGlobalSection
	GlobalSection(ExtensibilityGlobals) = postSolution
		SolutionGuid = {07532455-9041-4C88-8E48-F76D458A243E}
	EndGlobalSection
EndGlobal
